# THIS IS AN AUTOGENERATED FILE. DO NOT EDIT THIS FILE DIRECTLY.
# yarn lockfile v1


react-device-detect@^1.15.0:
  version "1.15.0"
  resolved "https://registry.yarnpkg.com/react-device-detect/-/react-device-detect-1.15.0.tgz#5321f94ae3c4d51ef399b0502a6c739e32d0f315"
  integrity sha512-ywjtWW04U7vaJK87IAFHhKozZhTPeDVWsfYx5CxQSQCjU5+fnMMxWZt9HnVWaNTqBEn6g8wCNWyqav7sXJrURg==
  dependencies:
    ua-parser-js "^0.7.23"

ua-parser-js@^0.7.23:
  version "0.7.23"
  resolved "https://registry.yarnpkg.com/ua-parser-js/-/ua-parser-js-0.7.23.tgz#704d67f951e13195fbcd3d78818577f5bc1d547b"
  integrity sha512-m4hvMLxgGHXG3O3fQVAyyAQpZzDOvwnhOTjYz5Xmr7r/+LpkNy3vJXdVRWgd1TkAb7NGROZuSy96CrlNVjA7KA==
